// !$*UTF8*$!
{
	archiveVersion = 1;
	classes = {
	};
	objectVersion = 46;
	objects = {

/* Begin PBXAggregateTarget section */
		21F99C8E191D43B5008D5B56 /* Mogenerator */ = {
			isa = PBXAggregateTarget;
			buildConfigurationList = 21F99C8F191D43B5008D5B56 /* Build configuration list for PBXAggregateTarget "Mogenerator" */;
			buildPhases = (
				21F99C92191D43BF008D5B56 /* ShellScript */,
			);
			dependencies = (
			);
			name = Mogenerator;
			productName = Mogenerator;
		};
/* End PBXAggregateTarget section */

/* Begin PBXBuildFile section */
		0908EF48245C44C0ABC68855 /* libPods.a in Frameworks */ = {isa = PBXBuildFile; fileRef = 17EEF1198BD3425781C500DD /* libPods.a */; };
		194873A4CDE04FE59F2BC33E /* Settings.bundle in Resources */ = {isa = PBXBuildFile; fileRef = 19F4E1966C554AD29071ECAF /* Settings.bundle */; };
		21A29006192675470038977D /* _Employee.m in Sources */ = {isa = PBXBuildFile; fileRef = 21A28FFF192675470038977D /* _Employee.m */; };
		21A29007192675470038977D /* _PBRRecord.m in Sources */ = {isa = PBXBuildFile; fileRef = 21A29001192675470038977D /* _PBRRecord.m */; };
		21A2900E1926757E0038977D /* Employee.m in Sources */ = {isa = PBXBuildFile; fileRef = 21A2900B1926757E0038977D /* Employee.m */; };
		21A2900F1926757E0038977D /* PBRRecord.m in Sources */ = {isa = PBXBuildFile; fileRef = 21A2900D1926757E0038977D /* PBRRecord.m */; };
		21F2CDE2192FA371005D8214 /* updateSampleData.json in Resources */ = {isa = PBXBuildFile; fileRef = 21F2CDE1192FA371005D8214 /* updateSampleData.json */; };
		21F99C4B191AE562008D5B56 /* Foundation.framework in Frameworks */ = {isa = PBXBuildFile; fileRef = 21F99C4A191AE562008D5B56 /* Foundation.framework */; };
		21F99C4D191AE562008D5B56 /* CoreGraphics.framework in Frameworks */ = {isa = PBXBuildFile; fileRef = 21F99C4C191AE562008D5B56 /* CoreGraphics.framework */; };
		21F99C4F191AE562008D5B56 /* UIKit.framework in Frameworks */ = {isa = PBXBuildFile; fileRef = 21F99C4E191AE562008D5B56 /* UIKit.framework */; };
		21F99C51191AE562008D5B56 /* CoreData.framework in Frameworks */ = {isa = PBXBuildFile; fileRef = 21F99C50191AE562008D5B56 /* CoreData.framework */; };
		21F99C57191AE562008D5B56 /* InfoPlist.strings in Resources */ = {isa = PBXBuildFile; fileRef = 21F99C55191AE562008D5B56 /* InfoPlist.strings */; };
		21F99C59191AE562008D5B56 /* main.m in Sources */ = {isa = PBXBuildFile; fileRef = 21F99C58191AE562008D5B56 /* main.m */; };
		21F99C5D191AE562008D5B56 /* NRDAppDelegate.m in Sources */ = {isa = PBXBuildFile; fileRef = 21F99C5C191AE562008D5B56 /* NRDAppDelegate.m */; };
		21F99C60191AE562008D5B56 /* BRAVO_iOS_Challenge_06CoreData.xcdatamodeld in Sources */ = {isa = PBXBuildFile; fileRef = 21F99C5E191AE562008D5B56 /* BRAVO_iOS_Challenge_06CoreData.xcdatamodeld */; };
		21F99C62191AE562008D5B56 /* Images.xcassets in Resources */ = {isa = PBXBuildFile; fileRef = 21F99C61191AE562008D5B56 /* Images.xcassets */; };
		21F99C69191AE562008D5B56 /* XCTest.framework in Frameworks */ = {isa = PBXBuildFile; fileRef = 21F99C68191AE562008D5B56 /* XCTest.framework */; };
		21F99C6A191AE562008D5B56 /* Foundation.framework in Frameworks */ = {isa = PBXBuildFile; fileRef = 21F99C4A191AE562008D5B56 /* Foundation.framework */; };
		21F99C6B191AE562008D5B56 /* UIKit.framework in Frameworks */ = {isa = PBXBuildFile; fileRef = 21F99C4E191AE562008D5B56 /* UIKit.framework */; };
		21F99C6C191AE562008D5B56 /* CoreData.framework in Frameworks */ = {isa = PBXBuildFile; fileRef = 21F99C50191AE562008D5B56 /* CoreData.framework */; };
		21F99C74191AE562008D5B56 /* InfoPlist.strings in Resources */ = {isa = PBXBuildFile; fileRef = 21F99C72191AE562008D5B56 /* InfoPlist.strings */; };
		21F99C76191AE562008D5B56 /* BRAVO_iOS_Challenge_06CoreDataTests.m in Sources */ = {isa = PBXBuildFile; fileRef = 21F99C75191AE562008D5B56 /* BRAVO_iOS_Challenge_06CoreDataTests.m */; };
		21F99C85191BC731008D5B56 /* NRDMainViewController.m in Sources */ = {isa = PBXBuildFile; fileRef = 21F99C83191BC731008D5B56 /* NRDMainViewController.m */; };
		21F99C86191BC731008D5B56 /* NRDMainViewController.xib in Resources */ = {isa = PBXBuildFile; fileRef = 21F99C84191BC731008D5B56 /* NRDMainViewController.xib */; };
		21F99C8A191C1CDB008D5B56 /* AppCoreDataManager.m in Sources */ = {isa = PBXBuildFile; fileRef = 21F99C89191C1CDB008D5B56 /* AppCoreDataManager.m */; };
		21F99C8D191C2387008D5B56 /* NRDDataController.m in Sources */ = {isa = PBXBuildFile; fileRef = 21F99C8C191C2387008D5B56 /* NRDDataController.m */; };
		21F99C94191D4BFA008D5B56 /* initialSampleData.json in Resources */ = {isa = PBXBuildFile; fileRef = 21F99C93191D4BFA008D5B56 /* initialSampleData.json */; };
		BA1CCAD91925413C0001623E /* NRDImportOperation.m in Sources */ = {isa = PBXBuildFile; fileRef = BA1CCAD81925413C0001623E /* NRDImportOperation.m */; };
/* End PBXBuildFile section */

/* Begin PBXContainerItemProxy section */
		21F99C6D191AE562008D5B56 /* PBXContainerItemProxy */ = {
			isa = PBXContainerItemProxy;
			containerPortal = 21F99C3F191AE562008D5B56 /* Project object */;
			proxyType = 1;
			remoteGlobalIDString = 21F99C46191AE562008D5B56;
			remoteInfo = BRAVO.iOS.Challenge.06CoreData;
		};
/* End PBXContainerItemProxy section */

/* Begin PBXFileReference section */
		17EEF1198BD3425781C500DD /* libPods.a */ = {isa = PBXFileReference; explicitFileType = archive.ar; includeInIndex = 0; path = libPods.a; sourceTree = BUILT_PRODUCTS_DIR; };
		19F4E1966C554AD29071ECAF /* Settings.bundle */ = {isa = PBXFileReference; includeInIndex = 1; lastKnownFileType = "wrapper.plug-in"; path = Settings.bundle; sourceTree = "<group>"; };
		21A28FFE192675470038977D /* _Employee.h */ = {isa = PBXFileReference; fileEncoding = 4; lastKnownFileType = sourcecode.c.h; path = _Employee.h; sourceTree = "<group>"; };
		21A28FFF192675470038977D /* _Employee.m */ = {isa = PBXFileReference; fileEncoding = 4; lastKnownFileType = sourcecode.c.objc; path = _Employee.m; sourceTree = "<group>"; };
		21A29000192675470038977D /* _PBRRecord.h */ = {isa = PBXFileReference; fileEncoding = 4; lastKnownFileType = sourcecode.c.h; path = _PBRRecord.h; sourceTree = "<group>"; };
		21A29001192675470038977D /* _PBRRecord.m */ = {isa = PBXFileReference; fileEncoding = 4; lastKnownFileType = sourcecode.c.objc; path = _PBRRecord.m; sourceTree = "<group>"; };
		21A2900A1926757E0038977D /* Employee.h */ = {isa = PBXFileReference; fileEncoding = 4; lastKnownFileType = sourcecode.c.h; path = Employee.h; sourceTree = "<group>"; };
		21A2900B1926757E0038977D /* Employee.m */ = {isa = PBXFileReference; fileEncoding = 4; lastKnownFileType = sourcecode.c.objc; path = Employee.m; sourceTree = "<group>"; };
		21A2900C1926757E0038977D /* PBRRecord.h */ = {isa = PBXFileReference; fileEncoding = 4; lastKnownFileType = sourcecode.c.h; path = PBRRecord.h; sourceTree = "<group>"; };
		21A2900D1926757E0038977D /* PBRRecord.m */ = {isa = PBXFileReference; fileEncoding = 4; lastKnownFileType = sourcecode.c.objc; path = PBRRecord.m; sourceTree = "<group>"; };
		21A29011192692230038977D /* NRDImportConstants.h */ = {isa = PBXFileReference; lastKnownFileType = sourcecode.c.h; path = NRDImportConstants.h; sourceTree = "<group>"; };
		21F2CDE1192FA371005D8214 /* updateSampleData.json */ = {isa = PBXFileReference; fileEncoding = 4; lastKnownFileType = text.json; path = updateSampleData.json; sourceTree = "<group>"; };
		21F99C47191AE562008D5B56 /* BRAVO.iOS.Challenge.06CoreData.app */ = {isa = PBXFileReference; explicitFileType = wrapper.application; includeInIndex = 0; path = BRAVO.iOS.Challenge.06CoreData.app; sourceTree = BUILT_PRODUCTS_DIR; };
		21F99C4A191AE562008D5B56 /* Foundation.framework */ = {isa = PBXFileReference; lastKnownFileType = wrapper.framework; name = Foundation.framework; path = System/Library/Frameworks/Foundation.framework; sourceTree = SDKROOT; };
		21F99C4C191AE562008D5B56 /* CoreGraphics.framework */ = {isa = PBXFileReference; lastKnownFileType = wrapper.framework; name = CoreGraphics.framework; path = System/Library/Frameworks/CoreGraphics.framework; sourceTree = SDKROOT; };
		21F99C4E191AE562008D5B56 /* UIKit.framework */ = {isa = PBXFileReference; lastKnownFileType = wrapper.framework; name = UIKit.framework; path = System/Library/Frameworks/UIKit.framework; sourceTree = SDKROOT; };
		21F99C50191AE562008D5B56 /* CoreData.framework */ = {isa = PBXFileReference; lastKnownFileType = wrapper.framework; name = CoreData.framework; path = System/Library/Frameworks/CoreData.framework; sourceTree = SDKROOT; };
		21F99C54191AE562008D5B56 /* BRAVO.iOS.Challenge.06CoreData-Info.plist */ = {isa = PBXFileReference; lastKnownFileType = text.plist.xml; path = "BRAVO.iOS.Challenge.06CoreData-Info.plist"; sourceTree = "<group>"; };
		21F99C56191AE562008D5B56 /* en */ = {isa = PBXFileReference; lastKnownFileType = text.plist.strings; name = en; path = en.lproj/InfoPlist.strings; sourceTree = "<group>"; };
		21F99C58191AE562008D5B56 /* main.m */ = {isa = PBXFileReference; lastKnownFileType = sourcecode.c.objc; path = main.m; sourceTree = "<group>"; };
		21F99C5A191AE562008D5B56 /* BRAVO.iOS.Challenge.06CoreData-Prefix.pch */ = {isa = PBXFileReference; lastKnownFileType = sourcecode.c.h; path = "BRAVO.iOS.Challenge.06CoreData-Prefix.pch"; sourceTree = "<group>"; };
		21F99C5B191AE562008D5B56 /* NRDAppDelegate.h */ = {isa = PBXFileReference; lastKnownFileType = sourcecode.c.h; path = NRDAppDelegate.h; sourceTree = "<group>"; };
		21F99C5C191AE562008D5B56 /* NRDAppDelegate.m */ = {isa = PBXFileReference; lastKnownFileType = sourcecode.c.objc; path = NRDAppDelegate.m; sourceTree = "<group>"; };
		21F99C5F191AE562008D5B56 /* BRAVO_iOS_Challenge_06CoreData.xcdatamodel */ = {isa = PBXFileReference; lastKnownFileType = wrapper.xcdatamodel; path = BRAVO_iOS_Challenge_06CoreData.xcdatamodel; sourceTree = "<group>"; };
		21F99C61191AE562008D5B56 /* Images.xcassets */ = {isa = PBXFileReference; lastKnownFileType = folder.assetcatalog; path = Images.xcassets; sourceTree = "<group>"; };
		21F99C67191AE562008D5B56 /* BRAVO.iOS.Challenge.06CoreDataTests.xctest */ = {isa = PBXFileReference; explicitFileType = wrapper.cfbundle; includeInIndex = 0; path = BRAVO.iOS.Challenge.06CoreDataTests.xctest; sourceTree = BUILT_PRODUCTS_DIR; };
		21F99C68191AE562008D5B56 /* XCTest.framework */ = {isa = PBXFileReference; lastKnownFileType = wrapper.framework; name = XCTest.framework; path = Library/Frameworks/XCTest.framework; sourceTree = DEVELOPER_DIR; };
		21F99C71191AE562008D5B56 /* BRAVO.iOS.Challenge.06CoreDataTests-Info.plist */ = {isa = PBXFileReference; lastKnownFileType = text.plist.xml; path = "BRAVO.iOS.Challenge.06CoreDataTests-Info.plist"; sourceTree = "<group>"; };
		21F99C73191AE562008D5B56 /* en */ = {isa = PBXFileReference; lastKnownFileType = text.plist.strings; name = en; path = en.lproj/InfoPlist.strings; sourceTree = "<group>"; };
		21F99C75191AE562008D5B56 /* BRAVO_iOS_Challenge_06CoreDataTests.m */ = {isa = PBXFileReference; lastKnownFileType = sourcecode.c.objc; path = BRAVO_iOS_Challenge_06CoreDataTests.m; sourceTree = "<group>"; };
		21F99C82191BC731008D5B56 /* NRDMainViewController.h */ = {isa = PBXFileReference; fileEncoding = 4; lastKnownFileType = sourcecode.c.h; path = NRDMainViewController.h; sourceTree = "<group>"; };
		21F99C83191BC731008D5B56 /* NRDMainViewController.m */ = {isa = PBXFileReference; fileEncoding = 4; lastKnownFileType = sourcecode.c.objc; path = NRDMainViewController.m; sourceTree = "<group>"; };
		21F99C84191BC731008D5B56 /* NRDMainViewController.xib */ = {isa = PBXFileReference; fileEncoding = 4; lastKnownFileType = file.xib; path = NRDMainViewController.xib; sourceTree = "<group>"; };
		21F99C88191C1CDB008D5B56 /* AppCoreDataManager.h */ = {isa = PBXFileReference; fileEncoding = 4; lastKnownFileType = sourcecode.c.h; path = AppCoreDataManager.h; sourceTree = "<group>"; };
		21F99C89191C1CDB008D5B56 /* AppCoreDataManager.m */ = {isa = PBXFileReference; fileEncoding = 4; lastKnownFileType = sourcecode.c.objc; path = AppCoreDataManager.m; sourceTree = "<group>"; };
		21F99C8B191C2387008D5B56 /* NRDDataController.h */ = {isa = PBXFileReference; fileEncoding = 4; lastKnownFileType = sourcecode.c.h; path = NRDDataController.h; sourceTree = "<group>"; };
		21F99C8C191C2387008D5B56 /* NRDDataController.m */ = {isa = PBXFileReference; fileEncoding = 4; lastKnownFileType = sourcecode.c.objc; path = NRDDataController.m; sourceTree = "<group>"; };
		21F99C93191D4BFA008D5B56 /* initialSampleData.json */ = {isa = PBXFileReference; fileEncoding = 4; lastKnownFileType = text.json; path = initialSampleData.json; sourceTree = "<group>"; };
		6513153CFE76492CAF0407CE /* Pods.xcconfig */ = {isa = PBXFileReference; includeInIndex = 1; lastKnownFileType = text.xcconfig; name = Pods.xcconfig; path = Pods/Pods.xcconfig; sourceTree = "<group>"; };
		BA1CCAD71925413C0001623E /* NRDImportOperation.h */ = {isa = PBXFileReference; fileEncoding = 4; lastKnownFileType = sourcecode.c.h; path = NRDImportOperation.h; sourceTree = "<group>"; };
		BA1CCAD81925413C0001623E /* NRDImportOperation.m */ = {isa = PBXFileReference; fileEncoding = 4; lastKnownFileType = sourcecode.c.objc; path = NRDImportOperation.m; sourceTree = "<group>"; };
/* End PBXFileReference section */

/* Begin PBXFrameworksBuildPhase section */
		21F99C44191AE562008D5B56 /* Frameworks */ = {
			isa = PBXFrameworksBuildPhase;
			buildActionMask = 2147483647;
			files = (
				21F99C4D191AE562008D5B56 /* CoreGraphics.framework in Frameworks */,
				21F99C51191AE562008D5B56 /* CoreData.framework in Frameworks */,
				21F99C4F191AE562008D5B56 /* UIKit.framework in Frameworks */,
				21F99C4B191AE562008D5B56 /* Foundation.framework in Frameworks */,
				0908EF48245C44C0ABC68855 /* libPods.a in Frameworks */,
			);
			runOnlyForDeploymentPostprocessing = 0;
		};
		21F99C64191AE562008D5B56 /* Frameworks */ = {
			isa = PBXFrameworksBuildPhase;
			buildActionMask = 2147483647;
			files = (
				21F99C69191AE562008D5B56 /* XCTest.framework in Frameworks */,
				21F99C6C191AE562008D5B56 /* CoreData.framework in Frameworks */,
				21F99C6B191AE562008D5B56 /* UIKit.framework in Frameworks */,
				21F99C6A191AE562008D5B56 /* Foundation.framework in Frameworks */,
			);
			runOnlyForDeploymentPostprocessing = 0;
		};
/* End PBXFrameworksBuildPhase section */

/* Begin PBXGroup section */
		1B3A31A0457140D0BD3B05E0 /* Views */ = {
			isa = PBXGroup;
			children = (
			);
			path = Views;
			sourceTree = "<group>";
		};
		21A28FFD192675470038977D /* Private */ = {
			isa = PBXGroup;
			children = (
				21A28FFE192675470038977D /* _Employee.h */,
				21A28FFF192675470038977D /* _Employee.m */,
				21A29000192675470038977D /* _PBRRecord.h */,
				21A29001192675470038977D /* _PBRRecord.m */,
			);
			path = Private;
			sourceTree = "<group>";
		};
		21F99C3E191AE562008D5B56 = {
			isa = PBXGroup;
			children = (
				21F99C52191AE562008D5B56 /* BRAVO.iOS.Challenge.06CoreData */,
				21F99C6F191AE562008D5B56 /* BRAVO.iOS.Challenge.06CoreDataTests */,
				21F99C49191AE562008D5B56 /* Frameworks */,
				21F99C48191AE562008D5B56 /* Products */,
				6513153CFE76492CAF0407CE /* Pods.xcconfig */,
			);
			indentWidth = 4;
			sourceTree = "<group>";
			tabWidth = 4;
			usesTabs = 0;
		};
		21F99C48191AE562008D5B56 /* Products */ = {
			isa = PBXGroup;
			children = (
				21F99C47191AE562008D5B56 /* BRAVO.iOS.Challenge.06CoreData.app */,
				21F99C67191AE562008D5B56 /* BRAVO.iOS.Challenge.06CoreDataTests.xctest */,
			);
			name = Products;
			sourceTree = "<group>";
		};
		21F99C49191AE562008D5B56 /* Frameworks */ = {
			isa = PBXGroup;
			children = (
				21F99C4A191AE562008D5B56 /* Foundation.framework */,
				21F99C4C191AE562008D5B56 /* CoreGraphics.framework */,
				21F99C4E191AE562008D5B56 /* UIKit.framework */,
				21F99C50191AE562008D5B56 /* CoreData.framework */,
				21F99C68191AE562008D5B56 /* XCTest.framework */,
				17EEF1198BD3425781C500DD /* libPods.a */,
			);
			name = Frameworks;
			sourceTree = "<group>";
		};
		21F99C52191AE562008D5B56 /* BRAVO.iOS.Challenge.06CoreData */ = {
			isa = PBXGroup;
			children = (
				21F99C5B191AE562008D5B56 /* NRDAppDelegate.h */,
				21F99C5C191AE562008D5B56 /* NRDAppDelegate.m */,
				21F99C61191AE562008D5B56 /* Images.xcassets */,
				21F99C5E191AE562008D5B56 /* BRAVO_iOS_Challenge_06CoreData.xcdatamodeld */,
				21F99C53191AE562008D5B56 /* Supporting Files */,
				B4FFA736C0CB475AB887E08D /* Categories */,
				21F99C87191C1C5F008D5B56 /* Managers */,
				7F464D5476B544BA8D5AB510 /* ModelControllers */,
				F23304942C7D4057B299EFD7 /* Models */,
				6B16C50E96C446B6B2C2F297 /* Theme */,
				7B11FD69061E4202B0832691 /* ViewControllers */,
				1B3A31A0457140D0BD3B05E0 /* Views */,
				2A2FCAEB0B8C4FE99ED8032A /* Vendor */,
				AD0A33F0CB434FF18C9D1D4D /* Resources */,
			);
			path = BRAVO.iOS.Challenge.06CoreData;
			sourceTree = "<group>";
		};
		21F99C53191AE562008D5B56 /* Supporting Files */ = {
			isa = PBXGroup;
			children = (
				21F99C54191AE562008D5B56 /* BRAVO.iOS.Challenge.06CoreData-Info.plist */,
				21F99C55191AE562008D5B56 /* InfoPlist.strings */,
				21F99C58191AE562008D5B56 /* main.m */,
				21F99C5A191AE562008D5B56 /* BRAVO.iOS.Challenge.06CoreData-Prefix.pch */,
			);
			name = "Supporting Files";
			sourceTree = "<group>";
		};
		21F99C6F191AE562008D5B56 /* BRAVO.iOS.Challenge.06CoreDataTests */ = {
			isa = PBXGroup;
			children = (
				21F99C75191AE562008D5B56 /* BRAVO_iOS_Challenge_06CoreDataTests.m */,
				21F99C70191AE562008D5B56 /* Supporting Files */,
			);
			path = BRAVO.iOS.Challenge.06CoreDataTests;
			sourceTree = "<group>";
		};
		21F99C70191AE562008D5B56 /* Supporting Files */ = {
			isa = PBXGroup;
			children = (
				21F99C71191AE562008D5B56 /* BRAVO.iOS.Challenge.06CoreDataTests-Info.plist */,
				21F99C72191AE562008D5B56 /* InfoPlist.strings */,
			);
			name = "Supporting Files";
			sourceTree = "<group>";
		};
		21F99C87191C1C5F008D5B56 /* Managers */ = {
			isa = PBXGroup;
			children = (
				21F99C88191C1CDB008D5B56 /* AppCoreDataManager.h */,
				21F99C89191C1CDB008D5B56 /* AppCoreDataManager.m */,
			);
			path = Managers;
			sourceTree = "<group>";
		};
		2A2FCAEB0B8C4FE99ED8032A /* Vendor */ = {
			isa = PBXGroup;
			children = (
			);
			path = Vendor;
			sourceTree = "<group>";
		};
		6B16C50E96C446B6B2C2F297 /* Theme */ = {
			isa = PBXGroup;
			children = (
			);
			path = Theme;
			sourceTree = "<group>";
		};
		7B11FD69061E4202B0832691 /* ViewControllers */ = {
			isa = PBXGroup;
			children = (
				21F99C82191BC731008D5B56 /* NRDMainViewController.h */,
				21F99C83191BC731008D5B56 /* NRDMainViewController.m */,
				21F99C84191BC731008D5B56 /* NRDMainViewController.xib */,
			);
			path = ViewControllers;
			sourceTree = "<group>";
		};
		7F464D5476B544BA8D5AB510 /* ModelControllers */ = {
			isa = PBXGroup;
			children = (
				21F99C8B191C2387008D5B56 /* NRDDataController.h */,
				21F99C8C191C2387008D5B56 /* NRDDataController.m */,
				BA1CCAD71925413C0001623E /* NRDImportOperation.h */,
				BA1CCAD81925413C0001623E /* NRDImportOperation.m */,
			);
			path = ModelControllers;
			sourceTree = "<group>";
		};
		9DFD803C5D794CD5ADB63B22 /* Data */ = {
			isa = PBXGroup;
			children = (
				21F2CDE1192FA371005D8214 /* updateSampleData.json */,
				21F99C93191D4BFA008D5B56 /* initialSampleData.json */,
			);
			path = Data;
			sourceTree = "<group>";
		};
		AD0A33F0CB434FF18C9D1D4D /* Resources */ = {
			isa = PBXGroup;
			children = (
				E7CD4CAB587F44369C4A273B /* Fonts */,
				9DFD803C5D794CD5ADB63B22 /* Data */,
				CD469B6D0128481A81FFCF2F /* Images */,
				19F4E1966C554AD29071ECAF /* Settings.bundle */,
			);
			path = Resources;
			sourceTree = "<group>";
		};
		B4FFA736C0CB475AB887E08D /* Categories */ = {
			isa = PBXGroup;
			children = (
			);
			path = Categories;
			sourceTree = "<group>";
		};
		CD469B6D0128481A81FFCF2F /* Images */ = {
			isa = PBXGroup;
			children = (
			);
			path = Images;
			sourceTree = "<group>";
		};
		E7CD4CAB587F44369C4A273B /* Fonts */ = {
			isa = PBXGroup;
			children = (
			);
			path = Fonts;
			sourceTree = "<group>";
		};
		F23304942C7D4057B299EFD7 /* Models */ = {
			isa = PBXGroup;
			children = (
				21A2900A1926757E0038977D /* Employee.h */,
				21A2900B1926757E0038977D /* Employee.m */,
				21A29011192692230038977D /* NRDImportConstants.h */,
				21A2900C1926757E0038977D /* PBRRecord.h */,
				21A2900D1926757E0038977D /* PBRRecord.m */,
				21A28FFD192675470038977D /* Private */,
			);
			path = Models;
			sourceTree = "<group>";
		};
/* End PBXGroup section */

/* Begin PBXNativeTarget section */
		21F99C46191AE562008D5B56 /* BRAVO.iOS.Challenge.06CoreData */ = {
			isa = PBXNativeTarget;
			buildConfigurationList = 21F99C79191AE562008D5B56 /* Build configuration list for PBXNativeTarget "BRAVO.iOS.Challenge.06CoreData" */;
			buildPhases = (
				C205B4BA198A4AFEB469F610 /* Check Pods Manifest.lock */,
				21F99C43191AE562008D5B56 /* Sources */,
				21F99C44191AE562008D5B56 /* Frameworks */,
				21F99C45191AE562008D5B56 /* Resources */,
				CCC6F427F43B4892A8375398 /* Warn for TODO and FIXME comments */,
				1BCE289908ED43898F034C08 /* Update build number */,
				C897D5ADF54A48BF9B0452E0 /* Copy Pods Resources */,
			);
			buildRules = (
			);
			dependencies = (
			);
			name = BRAVO.iOS.Challenge.06CoreData;
			productName = BRAVO.iOS.Challenge.06CoreData;
			productReference = 21F99C47191AE562008D5B56 /* BRAVO.iOS.Challenge.06CoreData.app */;
			productType = "com.apple.product-type.application";
		};
		21F99C66191AE562008D5B56 /* BRAVO.iOS.Challenge.06CoreDataTests */ = {
			isa = PBXNativeTarget;
			buildConfigurationList = 21F99C7C191AE562008D5B56 /* Build configuration list for PBXNativeTarget "BRAVO.iOS.Challenge.06CoreDataTests" */;
			buildPhases = (
				21F99C63191AE562008D5B56 /* Sources */,
				21F99C64191AE562008D5B56 /* Frameworks */,
				21F99C65191AE562008D5B56 /* Resources */,
			);
			buildRules = (
			);
			dependencies = (
				21F99C6E191AE562008D5B56 /* PBXTargetDependency */,
			);
			name = BRAVO.iOS.Challenge.06CoreDataTests;
			productName = BRAVO.iOS.Challenge.06CoreDataTests;
			productReference = 21F99C67191AE562008D5B56 /* BRAVO.iOS.Challenge.06CoreDataTests.xctest */;
			productType = "com.apple.product-type.bundle.unit-test";
		};
/* End PBXNativeTarget section */

/* Begin PBXProject section */
		21F99C3F191AE562008D5B56 /* Project object */ = {
			isa = PBXProject;
			attributes = {
				CLASSPREFIX = NRD;
				LastUpgradeCheck = 0510;
				ORGANIZATIONNAME = "The Nerdery";
				TargetAttributes = {
					21F99C66191AE562008D5B56 = {
						TestTargetID = 21F99C46191AE562008D5B56;
					};
				};
			};
			buildConfigurationList = 21F99C42191AE562008D5B56 /* Build configuration list for PBXProject "BRAVO.iOS.Challenge.06CoreData" */;
			compatibilityVersion = "Xcode 3.2";
			developmentRegion = English;
			hasScannedForEncodings = 0;
			knownRegions = (
				en,
			);
			mainGroup = 21F99C3E191AE562008D5B56;
			productRefGroup = 21F99C48191AE562008D5B56 /* Products */;
			projectDirPath = "";
			projectRoot = "";
			targets = (
				21F99C46191AE562008D5B56 /* BRAVO.iOS.Challenge.06CoreData */,
				21F99C66191AE562008D5B56 /* BRAVO.iOS.Challenge.06CoreDataTests */,
				21F99C8E191D43B5008D5B56 /* Mogenerator */,
			);
		};
/* End PBXProject section */

/* Begin PBXResourcesBuildPhase section */
		21F99C45191AE562008D5B56 /* Resources */ = {
			isa = PBXResourcesBuildPhase;
			buildActionMask = 2147483647;
			files = (
				21F99C94191D4BFA008D5B56 /* initialSampleData.json in Resources */,
				21F99C57191AE562008D5B56 /* InfoPlist.strings in Resources */,
				21F2CDE2192FA371005D8214 /* updateSampleData.json in Resources */,
				21F99C62191AE562008D5B56 /* Images.xcassets in Resources */,
				21F99C86191BC731008D5B56 /* NRDMainViewController.xib in Resources */,
				194873A4CDE04FE59F2BC33E /* Settings.bundle in Resources */,
			);
			runOnlyForDeploymentPostprocessing = 0;
		};
		21F99C65191AE562008D5B56 /* Resources */ = {
			isa = PBXResourcesBuildPhase;
			buildActionMask = 2147483647;
			files = (
				21F99C74191AE562008D5B56 /* InfoPlist.strings in Resources */,
			);
			runOnlyForDeploymentPostprocessing = 0;
		};
/* End PBXResourcesBuildPhase section */

/* Begin PBXShellScriptBuildPhase section */
		1BCE289908ED43898F034C08 /* Update build number */ = {
			isa = PBXShellScriptBuildPhase;
			buildActionMask = 2147483647;
			files = (
			);
			inputPaths = (
			);
			name = "Update build number";
			outputPaths = (
			);
			runOnlyForDeploymentPostprocessing = 0;
			shellPath = /bin/sh;
			shellScript = "echo \"${TARGET_BUILD_DIR}\"\nbuildPlist=\"${TARGET_BUILD_DIR}\"/\"${INFOPLIST_PATH}\"\n\n# Increment the build number to match the git version\nsvnRevision=`git log --oneline | wc -l`\n/usr/libexec/PlistBuddy -c \"Set :CFBundleVersion $svnRevision\" \"$buildPlist\"\n\nbundleVersion=$(/usr/libexec/PlistBuddy -c \"Print CFBundleVersion\" \"$buildPlist\")\nbundleShortVersionString=$(/usr/libexec/PlistBuddy -c \"Print CFBundleShortVersionString\" \"$buildPlist\")\n\n# Update the Settings.bundle\nnewVersion=\"${bundleShortVersionString} (${bundleVersion})\"\n/usr/libexec/PlistBuddy \"${TARGET_BUILD_DIR}\"/\"${PRODUCT_NAME}.app\"/Settings.bundle/Root.plist -c \"set PreferenceSpecifiers:1:DefaultValue $newVersion\"\necho \"newVersion: ${newVersion}\"\n";
		};
		21F99C92191D43BF008D5B56 /* ShellScript */ = {
			isa = PBXShellScriptBuildPhase;
			buildActionMask = 2147483647;
			files = (
			);
			inputPaths = (
			);
			outputPaths = (
			);
			runOnlyForDeploymentPostprocessing = 0;
			shellPath = /bin/sh;
			shellScript = "mogenerator -m BRAVO.iOS.Challenge.06CoreData/BRAVO_iOS_Challenge_06CoreData.xcdatamodeld -O BRAVO.iOS.Challenge.06CoreData/Models/Private --template-var arc=true";
		};
		C205B4BA198A4AFEB469F610 /* Check Pods Manifest.lock */ = {
			isa = PBXShellScriptBuildPhase;
			buildActionMask = 2147483647;
			files = (
			);
			inputPaths = (
			);
			name = "Check Pods Manifest.lock";
			outputPaths = (
			);
			runOnlyForDeploymentPostprocessing = 0;
			shellPath = /bin/sh;
			shellScript = "diff \"${PODS_ROOT}/../Podfile.lock\" \"${PODS_ROOT}/Manifest.lock\" > /dev/null\nif [[ $? != 0 ]] ; then\n    cat << EOM\nerror: The sandbox is not in sync with the Podfile.lock. Run 'pod install' or update your CocoaPods installation.\nEOM\n    exit 1\nfi\n";
			showEnvVarsInLog = 0;
		};
		C897D5ADF54A48BF9B0452E0 /* Copy Pods Resources */ = {
			isa = PBXShellScriptBuildPhase;
			buildActionMask = 2147483647;
			files = (
			);
			inputPaths = (
			);
			name = "Copy Pods Resources";
			outputPaths = (
			);
			runOnlyForDeploymentPostprocessing = 0;
			shellPath = /bin/sh;
			shellScript = "\"${SRCROOT}/Pods/Pods-resources.sh\"\n";
			showEnvVarsInLog = 0;
		};
		CCC6F427F43B4892A8375398 /* Warn for TODO and FIXME comments */ = {
			isa = PBXShellScriptBuildPhase;
			buildActionMask = 2147483647;
			files = (
			);
			inputPaths = (
			);
			name = "Warn for TODO and FIXME comments";
			outputPaths = (
			);
			runOnlyForDeploymentPostprocessing = 0;
			shellPath = /bin/sh;
			shellScript = "KEYWORDS=\"TODO:|FIXME:|\\?\\?\\?:|\\!\\!\\!:\"\nFILE_EXTENSIONS=\"h|m|mm|c|cpp\"\nfind -E \"${SRCROOT}\" -ipath \"${SRCROOT}/pods\" -prune -o \\( -regex \".*\\.($FILE_EXTENSIONS)$\" \\) -print0 | xargs -0 egrep --with-filename --line-number --only-matching \"($KEYWORDS).*\\$\" | perl -p -e \"s/($KEYWORDS)/ warning: \\$1/\"\n";
		};
/* End PBXShellScriptBuildPhase section */

/* Begin PBXSourcesBuildPhase section */
		21F99C43191AE562008D5B56 /* Sources */ = {
			isa = PBXSourcesBuildPhase;
			buildActionMask = 2147483647;
			files = (
				21F99C8D191C2387008D5B56 /* NRDDataController.m in Sources */,
				21F99C8A191C1CDB008D5B56 /* AppCoreDataManager.m in Sources */,
				21F99C60191AE562008D5B56 /* BRAVO_iOS_Challenge_06CoreData.xcdatamodeld in Sources */,
				21F99C59191AE562008D5B56 /* main.m in Sources */,
				21A29007192675470038977D /* _PBRRecord.m in Sources */,
				21A2900E1926757E0038977D /* Employee.m in Sources */,
				21F99C85191BC731008D5B56 /* NRDMainViewController.m in Sources */,
				21A29006192675470038977D /* _Employee.m in Sources */,
				BA1CCAD91925413C0001623E /* NRDImportOperation.m in Sources */,
				21A2900F1926757E0038977D /* PBRRecord.m in Sources */,
				21F99C5D191AE562008D5B56 /* NRDAppDelegate.m in Sources */,
			);
			runOnlyForDeploymentPostprocessing = 0;
		};
		21F99C63191AE562008D5B56 /* Sources */ = {
			isa = PBXSourcesBuildPhase;
			buildActionMask = 2147483647;
			files = (
				21F99C76191AE562008D5B56 /* BRAVO_iOS_Challenge_06CoreDataTests.m in Sources */,
			);
			runOnlyForDeploymentPostprocessing = 0;
		};
/* End PBXSourcesBuildPhase section */

/* Begin PBXTargetDependency section */
		21F99C6E191AE562008D5B56 /* PBXTargetDependency */ = {
			isa = PBXTargetDependency;
			target = 21F99C46191AE562008D5B56 /* BRAVO.iOS.Challenge.06CoreData */;
			targetProxy = 21F99C6D191AE562008D5B56 /* PBXContainerItemProxy */;
		};
/* End PBXTargetDependency section */

/* Begin PBXVariantGroup section */
		21F99C55191AE562008D5B56 /* InfoPlist.strings */ = {
			isa = PBXVariantGroup;
			children = (
				21F99C56191AE562008D5B56 /* en */,
			);
			name = InfoPlist.strings;
			sourceTree = "<group>";
		};
		21F99C72191AE562008D5B56 /* InfoPlist.strings */ = {
			isa = PBXVariantGroup;
			children = (
				21F99C73191AE562008D5B56 /* en */,
			);
			name = InfoPlist.strings;
			sourceTree = "<group>";
		};
/* End PBXVariantGroup section */

/* Begin XCBuildConfiguration section */
		21F99C77191AE562008D5B56 /* Debug */ = {
			isa = XCBuildConfiguration;
			buildSettings = {
				ALWAYS_SEARCH_USER_PATHS = NO;
				CLANG_CXX_LANGUAGE_STANDARD = "gnu++0x";
				CLANG_CXX_LIBRARY = "libc++";
				CLANG_ENABLE_MODULES = YES;
				CLANG_ENABLE_OBJC_ARC = YES;
				CLANG_WARN_BOOL_CONVERSION = YES;
				CLANG_WARN_CONSTANT_CONVERSION = YES;
				CLANG_WARN_DIRECT_OBJC_ISA_USAGE = YES_ERROR;
				CLANG_WARN_EMPTY_BODY = YES;
				CLANG_WARN_ENUM_CONVERSION = YES;
				CLANG_WARN_INT_CONVERSION = YES;
				CLANG_WARN_OBJC_ROOT_CLASS = YES_ERROR;
				CLANG_WARN__DUPLICATE_METHOD_MATCH = YES;
				"CODE_SIGN_IDENTITY[sdk=iphoneos*]" = "iPhone Developer";
				COPY_PHASE_STRIP = NO;
				GCC_C_LANGUAGE_STANDARD = gnu99;
				GCC_DYNAMIC_NO_PIC = NO;
				GCC_OPTIMIZATION_LEVEL = 0;
				GCC_PREPROCESSOR_DEFINITIONS = (
					"DEBUG=1",
					"$(inherited)",
				);
				GCC_SYMBOLS_PRIVATE_EXTERN = NO;
				GCC_WARN_64_TO_32_BIT_CONVERSION = YES;
				GCC_WARN_ABOUT_MISSING_FIELD_INITIALIZERS = YES;
				GCC_WARN_ABOUT_MISSING_NEWLINE = YES;
				GCC_WARN_ABOUT_RETURN_TYPE = YES;
				GCC_WARN_CHECK_SWITCH_STATEMENTS = YES;
				GCC_WARN_INITIALIZER_NOT_FULLY_BRACKETED = YES;
				GCC_WARN_MISSING_PARENTHESES = YES;
				GCC_WARN_SHADOW = YES;
				GCC_WARN_SIGN_COMPARE = YES;
				GCC_WARN_TYPECHECK_CALLS_TO_PRINTF = YES;
				GCC_WARN_UNDECLARED_SELECTOR = YES;
				GCC_WARN_UNINITIALIZED_AUTOS = YES_AGGRESSIVE;
				GCC_WARN_UNUSED_FUNCTION = YES;
				GCC_WARN_UNUSED_LABEL = YES;
				GCC_WARN_UNUSED_VALUE = YES;
				GCC_WARN_UNUSED_VARIABLE = YES;
				IPHONEOS_DEPLOYMENT_TARGET = 7.1;
				ONLY_ACTIVE_ARCH = YES;
				SDKROOT = iphoneos;
			};
			name = Debug;
		};
		21F99C78191AE562008D5B56 /* Release */ = {
			isa = XCBuildConfiguration;
			buildSettings = {
				ALWAYS_SEARCH_USER_PATHS = NO;
				CLANG_CXX_LANGUAGE_STANDARD = "gnu++0x";
				CLANG_CXX_LIBRARY = "libc++";
				CLANG_ENABLE_MODULES = YES;
				CLANG_ENABLE_OBJC_ARC = YES;
				CLANG_WARN_BOOL_CONVERSION = YES;
				CLANG_WARN_CONSTANT_CONVERSION = YES;
				CLANG_WARN_DIRECT_OBJC_ISA_USAGE = YES_ERROR;
				CLANG_WARN_EMPTY_BODY = YES;
				CLANG_WARN_ENUM_CONVERSION = YES;
				CLANG_WARN_INT_CONVERSION = YES;
				CLANG_WARN_OBJC_ROOT_CLASS = YES_ERROR;
				CLANG_WARN__DUPLICATE_METHOD_MATCH = YES;
				"CODE_SIGN_IDENTITY[sdk=iphoneos*]" = "iPhone Developer";
				COPY_PHASE_STRIP = YES;
				ENABLE_NS_ASSERTIONS = NO;
				GCC_C_LANGUAGE_STANDARD = gnu99;
				GCC_WARN_64_TO_32_BIT_CONVERSION = YES;
				GCC_WARN_ABOUT_MISSING_FIELD_INITIALIZERS = YES;
				GCC_WARN_ABOUT_MISSING_NEWLINE = YES;
				GCC_WARN_ABOUT_RETURN_TYPE = YES;
				GCC_WARN_CHECK_SWITCH_STATEMENTS = YES;
				GCC_WARN_INITIALIZER_NOT_FULLY_BRACKETED = YES;
				GCC_WARN_MISSING_PARENTHESES = YES;
				GCC_WARN_SHADOW = YES;
				GCC_WARN_SIGN_COMPARE = YES;
				GCC_WARN_TYPECHECK_CALLS_TO_PRINTF = YES;
				GCC_WARN_UNDECLARED_SELECTOR = YES;
				GCC_WARN_UNINITIALIZED_AUTOS = YES_AGGRESSIVE;
				GCC_WARN_UNUSED_FUNCTION = YES;
				GCC_WARN_UNUSED_LABEL = YES;
				GCC_WARN_UNUSED_VALUE = YES;
				GCC_WARN_UNUSED_VARIABLE = YES;
				IPHONEOS_DEPLOYMENT_TARGET = 7.1;
				SDKROOT = iphoneos;
				VALIDATE_PRODUCT = YES;
			};
			name = Release;
		};
		21F99C7A191AE562008D5B56 /* Debug */ = {
			isa = XCBuildConfiguration;
			baseConfigurationReference = 6513153CFE76492CAF0407CE /* Pods.xcconfig */;
			buildSettings = {
				ASSETCATALOG_COMPILER_APPICON_NAME = AppIcon;
				ASSETCATALOG_COMPILER_LAUNCHIMAGE_NAME = LaunchImage;
				GCC_PRECOMPILE_PREFIX_HEADER = YES;
				GCC_PREFIX_HEADER = "BRAVO.iOS.Challenge.06CoreData/BRAVO.iOS.Challenge.06CoreData-Prefix.pch";
				INFOPLIST_FILE = "BRAVO.iOS.Challenge.06CoreData/BRAVO.iOS.Challenge.06CoreData-Info.plist";
				PRODUCT_NAME = "$(TARGET_NAME)";
				WRAPPER_EXTENSION = app;
			};
			name = Debug;
		};
		21F99C7B191AE562008D5B56 /* Release */ = {
			isa = XCBuildConfiguration;
			baseConfigurationReference = 6513153CFE76492CAF0407CE /* Pods.xcconfig */;
			buildSettings = {
				ASSETCATALOG_COMPILER_APPICON_NAME = AppIcon;
				ASSETCATALOG_COMPILER_LAUNCHIMAGE_NAME = LaunchImage;
				GCC_PRECOMPILE_PREFIX_HEADER = YES;
				GCC_PREFIX_HEADER = "BRAVO.iOS.Challenge.06CoreData/BRAVO.iOS.Challenge.06CoreData-Prefix.pch";
				INFOPLIST_FILE = "BRAVO.iOS.Challenge.06CoreData/BRAVO.iOS.Challenge.06CoreData-Info.plist";
				PRODUCT_NAME = "$(TARGET_NAME)";
				WRAPPER_EXTENSION = app;
			};
			name = Release;
		};
		21F99C7D191AE562008D5B56 /* Debug */ = {
			isa = XCBuildConfiguration;
			buildSettings = {
				BUNDLE_LOADER = "$(BUILT_PRODUCTS_DIR)/BRAVO.iOS.Challenge.06CoreData.app/BRAVO.iOS.Challenge.06CoreData";
				FRAMEWORK_SEARCH_PATHS = (
					"$(SDKROOT)/Developer/Library/Frameworks",
					"$(inherited)",
					"$(DEVELOPER_FRAMEWORKS_DIR)",
				);
				GCC_PRECOMPILE_PREFIX_HEADER = YES;
				GCC_PREFIX_HEADER = "BRAVO.iOS.Challenge.06CoreData/BRAVO.iOS.Challenge.06CoreData-Prefix.pch";
				GCC_PREPROCESSOR_DEFINITIONS = (
					"DEBUG=1",
					"$(inherited)",
				);
				INFOPLIST_FILE = "BRAVO.iOS.Challenge.06CoreDataTests/BRAVO.iOS.Challenge.06CoreDataTests-Info.plist";
				PRODUCT_NAME = "$(TARGET_NAME)";
				TEST_HOST = "$(BUNDLE_LOADER)";
				WRAPPER_EXTENSION = xctest;
			};
			name = Debug;
		};
		21F99C7E191AE562008D5B56 /* Release */ = {
			isa = XCBuildConfiguration;
			buildSettings = {
				BUNDLE_LOADER = "$(BUILT_PRODUCTS_DIR)/BRAVO.iOS.Challenge.06CoreData.app/BRAVO.iOS.Challenge.06CoreData";
				FRAMEWORK_SEARCH_PATHS = (
					"$(SDKROOT)/Developer/Library/Frameworks",
					"$(inherited)",
					"$(DEVELOPER_FRAMEWORKS_DIR)",
				);
				GCC_PRECOMPILE_PREFIX_HEADER = YES;
				GCC_PREFIX_HEADER = "BRAVO.iOS.Challenge.06CoreData/BRAVO.iOS.Challenge.06CoreData-Prefix.pch";
				INFOPLIST_FILE = "BRAVO.iOS.Challenge.06CoreDataTests/BRAVO.iOS.Challenge.06CoreDataTests-Info.plist";
				PRODUCT_NAME = "$(TARGET_NAME)";
				TEST_HOST = "$(BUNDLE_LOADER)";
				WRAPPER_EXTENSION = xctest;
			};
			name = Release;
		};
		21F99C90191D43B5008D5B56 /* Debug */ = {
			isa = XCBuildConfiguration;
			buildSettings = {
				PRODUCT_NAME = "$(TARGET_NAME)";
			};
			name = Debug;
		};
		21F99C91191D43B5008D5B56 /* Release */ = {
			isa = XCBuildConfiguration;
			buildSettings = {
				PRODUCT_NAME = "$(TARGET_NAME)";
			};
			name = Release;
		};
/* End XCBuildConfiguration section */

/* Begin XCConfigurationList section */
		21F99C42191AE562008D5B56 /* Build configuration list for PBXProject "BRAVO.iOS.Challenge.06CoreData" */ = {
			isa = XCConfigurationList;
			buildConfigurations = (
				21F99C77191AE562008D5B56 /* Debug */,
				21F99C78191AE562008D5B56 /* Release */,
			);
			defaultConfigurationIsVisible = 0;
			defaultConfigurationName = Release;
		};
		21F99C79191AE562008D5B56 /* Build configuration list for PBXNativeTarget "BRAVO.iOS.Challenge.06CoreData" */ = {
			isa = XCConfigurationList;
			buildConfigurations = (
				21F99C7A191AE562008D5B56 /* Debug */,
				21F99C7B191AE562008D5B56 /* Release */,
			);
			defaultConfigurationIsVisible = 0;
			defaultConfigurationName = Release;
		};
		21F99C7C191AE562008D5B56 /* Build configuration list for PBXNativeTarget "BRAVO.iOS.Challenge.06CoreDataTests" */ = {
			isa = XCConfigurationList;
			buildConfigurations = (
				21F99C7D191AE562008D5B56 /* Debug */,
				21F99C7E191AE562008D5B56 /* Release */,
			);
			defaultConfigurationIsVisible = 0;
			defaultConfigurationName = Release;
		};
		21F99C8F191D43B5008D5B56 /* Build configuration list for PBXAggregateTarget "Mogenerator" */ = {
			isa = XCConfigurationList;
			buildConfigurations = (
				21F99C90191D43B5008D5B56 /* Debug */,
				21F99C91191D43B5008D5B56 /* Release */,
			);
			defaultConfigurationIsVisible = 0;
			defaultConfigurationName = Release;
		};
/* End XCConfigurationList section */

/* Begin XCVersionGroup section */
		21F99C5E191AE562008D5B56 /* BRAVO_iOS_Challenge_06CoreData.xcdatamodeld */ = {
			isa = XCVersionGroup;
			children = (
				21F99C5F191AE562008D5B56 /* BRAVO_iOS_Challenge_06CoreData.xcdatamodel */,
			);
			currentVersion = 21F99C5F191AE562008D5B56 /* BRAVO_iOS_Challenge_06CoreData.xcdatamodel */;
			path = BRAVO_iOS_Challenge_06CoreData.xcdatamodeld;
			sourceTree = "<group>";
			versionGroupType = wrapper.xcdatamodel;
		};
/* End XCVersionGroup section */
	};
	rootObject = 21F99C3F191AE562008D5B56 /* Project object */;
}
