<?xml version="1.0" encoding="UTF-8"?>
<!DOCTYPE plist PUBLIC "-//Apple//DTD PLIST 1.0//EN" "http://www.apple.com/DTDs/PropertyList-1.0.dtd">
<plist version="1.0">
<dict>
	<key>archiveVersion</key>
	<string>1</string>
	<key>classes</key>
	<dict/>
	<key>objectVersion</key>
	<string>46</string>
	<key>objects</key>
	<dict>
		<key>194873A4CDE04FE59F2BC33E</key>
		<dict>
			<key>fileRef</key>
			<string>19F4E1966C554AD29071ECAF</string>
			<key>isa</key>
			<string>PBXBuildFile</string>
		</dict>
		<key>19F4E1966C554AD29071ECAF</key>
		<dict>
			<key>includeInIndex</key>
			<string>1</string>
			<key>isa</key>
			<string>PBXFileReference</string>
			<key>lastKnownFileType</key>
			<string>wrapper.plug-in</string>
			<key>path</key>
			<string>Settings.bundle</string>
			<key>sourceTree</key>
			<string>&lt;group&gt;</string>
		</dict>
		<key>1B3A31A0457140D0BD3B05E0</key>
		<dict>
			<key>children</key>
			<array/>
			<key>isa</key>
			<string>PBXGroup</string>
			<key>name</key>
			<string>Views</string>
			<key>path</key>
			<string>Views</string>
			<key>sourceTree</key>
			<string>&lt;group&gt;</string>
		</dict>
		<key>1BCE289908ED43898F034C08</key>
		<dict>
			<key>buildActionMask</key>
			<string>2147483647</string>
			<key>files</key>
			<array/>
			<key>inputPaths</key>
			<array/>
			<key>isa</key>
			<string>PBXShellScriptBuildPhase</string>
			<key>name</key>
			<string>Update build number</string>
			<key>outputPaths</key>
			<array/>
			<key>runOnlyForDeploymentPostprocessing</key>
			<string>0</string>
			<key>shellPath</key>
			<string>/bin/sh</string>
			<key>shellScript</key>
			<string>echo "${TARGET_BUILD_DIR}"
buildPlist="${TARGET_BUILD_DIR}"/"${INFOPLIST_PATH}"

# Increment the build number to match the git version
svnRevision=`git log --oneline | wc -l`
/usr/libexec/PlistBuddy -c "Set :CFBundleVersion $svnRevision" "$buildPlist"

bundleVersion=$(/usr/libexec/PlistBuddy -c "Print CFBundleVersion" "$buildPlist")
bundleShortVersionString=$(/usr/libexec/PlistBuddy -c "Print CFBundleShortVersionString" "$buildPlist")

# Update the Settings.bundle
newVersion="${bundleShortVersionString} (${bundleVersion})"
/usr/libexec/PlistBuddy "${TARGET_BUILD_DIR}"/"${PRODUCT_NAME}.app"/Settings.bundle/Root.plist -c "set PreferenceSpecifiers:1:DefaultValue $newVersion"
echo "newVersion: ${newVersion}"
</string>
			<key>showEnvVarsInLog</key>
			<string>1</string>
		</dict>
		<key>21F99C3E191AE562008D5B56</key>
		<dict>
			<key>children</key>
			<array>
				<string>21F99C52191AE562008D5B56</string>
				<string>21F99C6F191AE562008D5B56</string>
				<string>21F99C49191AE562008D5B56</string>
				<string>21F99C48191AE562008D5B56</string>
			</array>
			<key>indentWidth</key>
			<string>4</string>
			<key>isa</key>
			<string>PBXGroup</string>
			<key>sourceTree</key>
			<string>&lt;group&gt;</string>
			<key>tabWidth</key>
			<string>4</string>
			<key>usesTabs</key>
			<string>0</string>
		</dict>
		<key>21F99C3F191AE562008D5B56</key>
		<dict>
			<key>attributes</key>
			<dict>
				<key>CLASSPREFIX</key>
				<string>NRD</string>
				<key>LastUpgradeCheck</key>
				<string>0510</string>
				<key>ORGANIZATIONNAME</key>
				<string>The Nerdery</string>
				<key>TargetAttributes</key>
				<dict>
					<key>21F99C66191AE562008D5B56</key>
					<dict>
						<key>TestTargetID</key>
						<string>21F99C46191AE562008D5B56</string>
					</dict>
				</dict>
			</dict>
			<key>buildConfigurationList</key>
			<string>21F99C42191AE562008D5B56</string>
			<key>compatibilityVersion</key>
			<string>Xcode 3.2</string>
			<key>developmentRegion</key>
			<string>English</string>
			<key>hasScannedForEncodings</key>
			<string>0</string>
			<key>isa</key>
			<string>PBXProject</string>
			<key>knownRegions</key>
			<array>
				<string>en</string>
			</array>
			<key>mainGroup</key>
			<string>21F99C3E191AE562008D5B56</string>
			<key>productRefGroup</key>
			<string>21F99C48191AE562008D5B56</string>
			<key>projectDirPath</key>
			<string></string>
			<key>projectReferences</key>
			<array/>
			<key>projectRoot</key>
			<string></string>
			<key>targets</key>
			<array>
				<string>21F99C46191AE562008D5B56</string>
				<string>21F99C66191AE562008D5B56</string>
			</array>
		</dict>
		<key>21F99C42191AE562008D5B56</key>
		<dict>
			<key>buildConfigurations</key>
			<array>
				<string>21F99C77191AE562008D5B56</string>
				<string>21F99C78191AE562008D5B56</string>
			</array>
			<key>defaultConfigurationIsVisible</key>
			<string>0</string>
			<key>defaultConfigurationName</key>
			<string>Release</string>
			<key>isa</key>
			<string>XCConfigurationList</string>
		</dict>
		<key>21F99C43191AE562008D5B56</key>
		<dict>
			<key>buildActionMask</key>
			<string>2147483647</string>
			<key>files</key>
			<array>
				<string>21F99C60191AE562008D5B56</string>
				<string>21F99C59191AE562008D5B56</string>
				<string>21F99C5D191AE562008D5B56</string>
			</array>
			<key>isa</key>
			<string>PBXSourcesBuildPhase</string>
			<key>runOnlyForDeploymentPostprocessing</key>
			<string>0</string>
		</dict>
		<key>21F99C44191AE562008D5B56</key>
		<dict>
			<key>buildActionMask</key>
			<string>2147483647</string>
			<key>files</key>
			<array>
				<string>21F99C4D191AE562008D5B56</string>
				<string>21F99C51191AE562008D5B56</string>
				<string>21F99C4F191AE562008D5B56</string>
				<string>21F99C4B191AE562008D5B56</string>
			</array>
			<key>isa</key>
			<string>PBXFrameworksBuildPhase</string>
			<key>runOnlyForDeploymentPostprocessing</key>
			<string>0</string>
		</dict>
		<key>21F99C45191AE562008D5B56</key>
		<dict>
			<key>buildActionMask</key>
			<string>2147483647</string>
			<key>files</key>
			<array>
				<string>21F99C57191AE562008D5B56</string>
				<string>21F99C62191AE562008D5B56</string>
				<string>194873A4CDE04FE59F2BC33E</string>
			</array>
			<key>isa</key>
			<string>PBXResourcesBuildPhase</string>
			<key>runOnlyForDeploymentPostprocessing</key>
			<string>0</string>
		</dict>
		<key>21F99C46191AE562008D5B56</key>
		<dict>
			<key>buildConfigurationList</key>
			<string>21F99C79191AE562008D5B56</string>
			<key>buildPhases</key>
			<array>
				<string>21F99C43191AE562008D5B56</string>
				<string>21F99C44191AE562008D5B56</string>
				<string>21F99C45191AE562008D5B56</string>
				<string>CCC6F427F43B4892A8375398</string>
				<string>1BCE289908ED43898F034C08</string>
			</array>
			<key>buildRules</key>
			<array/>
			<key>dependencies</key>
			<array/>
			<key>isa</key>
			<string>PBXNativeTarget</string>
			<key>name</key>
			<string>BRAVO.iOS.Challenge.06CoreData</string>
			<key>productName</key>
			<string>BRAVO.iOS.Challenge.06CoreData</string>
			<key>productReference</key>
			<string>21F99C47191AE562008D5B56</string>
			<key>productType</key>
			<string>com.apple.product-type.application</string>
		</dict>
		<key>21F99C47191AE562008D5B56</key>
		<dict>
			<key>explicitFileType</key>
			<string>wrapper.application</string>
			<key>includeInIndex</key>
			<string>0</string>
			<key>isa</key>
			<string>PBXFileReference</string>
			<key>path</key>
			<string>BRAVO.iOS.Challenge.06CoreData.app</string>
			<key>sourceTree</key>
			<string>BUILT_PRODUCTS_DIR</string>
		</dict>
		<key>21F99C48191AE562008D5B56</key>
		<dict>
			<key>children</key>
			<array>
				<string>21F99C47191AE562008D5B56</string>
				<string>21F99C67191AE562008D5B56</string>
			</array>
			<key>isa</key>
			<string>PBXGroup</string>
			<key>name</key>
			<string>Products</string>
			<key>sourceTree</key>
			<string>&lt;group&gt;</string>
		</dict>
		<key>21F99C49191AE562008D5B56</key>
		<dict>
			<key>children</key>
			<array>
				<string>21F99C4A191AE562008D5B56</string>
				<string>21F99C4C191AE562008D5B56</string>
				<string>21F99C4E191AE562008D5B56</string>
				<string>21F99C50191AE562008D5B56</string>
				<string>21F99C68191AE562008D5B56</string>
			</array>
			<key>isa</key>
			<string>PBXGroup</string>
			<key>name</key>
			<string>Frameworks</string>
			<key>sourceTree</key>
			<string>&lt;group&gt;</string>
		</dict>
		<key>21F99C4A191AE562008D5B56</key>
		<dict>
			<key>isa</key>
			<string>PBXFileReference</string>
			<key>lastKnownFileType</key>
			<string>wrapper.framework</string>
			<key>name</key>
			<string>Foundation.framework</string>
			<key>path</key>
			<string>System/Library/Frameworks/Foundation.framework</string>
			<key>sourceTree</key>
			<string>SDKROOT</string>
		</dict>
		<key>21F99C4B191AE562008D5B56</key>
		<dict>
			<key>fileRef</key>
			<string>21F99C4A191AE562008D5B56</string>
			<key>isa</key>
			<string>PBXBuildFile</string>
		</dict>
		<key>21F99C4C191AE562008D5B56</key>
		<dict>
			<key>isa</key>
			<string>PBXFileReference</string>
			<key>lastKnownFileType</key>
			<string>wrapper.framework</string>
			<key>name</key>
			<string>CoreGraphics.framework</string>
			<key>path</key>
			<string>System/Library/Frameworks/CoreGraphics.framework</string>
			<key>sourceTree</key>
			<string>SDKROOT</string>
		</dict>
		<key>21F99C4D191AE562008D5B56</key>
		<dict>
			<key>fileRef</key>
			<string>21F99C4C191AE562008D5B56</string>
			<key>isa</key>
			<string>PBXBuildFile</string>
		</dict>
		<key>21F99C4E191AE562008D5B56</key>
		<dict>
			<key>isa</key>
			<string>PBXFileReference</string>
			<key>lastKnownFileType</key>
			<string>wrapper.framework</string>
			<key>name</key>
			<string>UIKit.framework</string>
			<key>path</key>
			<string>System/Library/Frameworks/UIKit.framework</string>
			<key>sourceTree</key>
			<string>SDKROOT</string>
		</dict>
		<key>21F99C4F191AE562008D5B56</key>
		<dict>
			<key>fileRef</key>
			<string>21F99C4E191AE562008D5B56</string>
			<key>isa</key>
			<string>PBXBuildFile</string>
		</dict>
		<key>21F99C50191AE562008D5B56</key>
		<dict>
			<key>isa</key>
			<string>PBXFileReference</string>
			<key>lastKnownFileType</key>
			<string>wrapper.framework</string>
			<key>name</key>
			<string>CoreData.framework</string>
			<key>path</key>
			<string>System/Library/Frameworks/CoreData.framework</string>
			<key>sourceTree</key>
			<string>SDKROOT</string>
		</dict>
		<key>21F99C51191AE562008D5B56</key>
		<dict>
			<key>fileRef</key>
			<string>21F99C50191AE562008D5B56</string>
			<key>isa</key>
			<string>PBXBuildFile</string>
		</dict>
		<key>21F99C52191AE562008D5B56</key>
		<dict>
			<key>children</key>
			<array>
				<string>21F99C5B191AE562008D5B56</string>
				<string>21F99C5C191AE562008D5B56</string>
				<string>21F99C61191AE562008D5B56</string>
				<string>21F99C5E191AE562008D5B56</string>
				<string>21F99C53191AE562008D5B56</string>
				<string>B4FFA736C0CB475AB887E08D</string>
				<string>7F464D5476B544BA8D5AB510</string>
				<string>F23304942C7D4057B299EFD7</string>
				<string>6B16C50E96C446B6B2C2F297</string>
				<string>7B11FD69061E4202B0832691</string>
				<string>1B3A31A0457140D0BD3B05E0</string>
				<string>2A2FCAEB0B8C4FE99ED8032A</string>
				<string>AD0A33F0CB434FF18C9D1D4D</string>
			</array>
			<key>isa</key>
			<string>PBXGroup</string>
			<key>path</key>
			<string>BRAVO.iOS.Challenge.06CoreData</string>
			<key>sourceTree</key>
			<string>&lt;group&gt;</string>
		</dict>
		<key>21F99C53191AE562008D5B56</key>
		<dict>
			<key>children</key>
			<array>
				<string>21F99C54191AE562008D5B56</string>
				<string>21F99C55191AE562008D5B56</string>
				<string>21F99C58191AE562008D5B56</string>
				<string>21F99C5A191AE562008D5B56</string>
			</array>
			<key>isa</key>
			<string>PBXGroup</string>
			<key>name</key>
			<string>Supporting Files</string>
			<key>sourceTree</key>
			<string>&lt;group&gt;</string>
		</dict>
		<key>21F99C54191AE562008D5B56</key>
		<dict>
			<key>isa</key>
			<string>PBXFileReference</string>
			<key>lastKnownFileType</key>
			<string>text.plist.xml</string>
			<key>path</key>
			<string>BRAVO.iOS.Challenge.06CoreData-Info.plist</string>
			<key>sourceTree</key>
			<string>&lt;group&gt;</string>
		</dict>
		<key>21F99C55191AE562008D5B56</key>
		<dict>
			<key>children</key>
			<array>
				<string>21F99C56191AE562008D5B56</string>
			</array>
			<key>isa</key>
			<string>PBXVariantGroup</string>
			<key>name</key>
			<string>InfoPlist.strings</string>
			<key>sourceTree</key>
			<string>&lt;group&gt;</string>
		</dict>
		<key>21F99C56191AE562008D5B56</key>
		<dict>
			<key>isa</key>
			<string>PBXFileReference</string>
			<key>lastKnownFileType</key>
			<string>text.plist.strings</string>
			<key>name</key>
			<string>en</string>
			<key>path</key>
			<string>en.lproj/InfoPlist.strings</string>
			<key>sourceTree</key>
			<string>&lt;group&gt;</string>
		</dict>
		<key>21F99C57191AE562008D5B56</key>
		<dict>
			<key>fileRef</key>
			<string>21F99C55191AE562008D5B56</string>
			<key>isa</key>
			<string>PBXBuildFile</string>
		</dict>
		<key>21F99C58191AE562008D5B56</key>
		<dict>
			<key>isa</key>
			<string>PBXFileReference</string>
			<key>lastKnownFileType</key>
			<string>sourcecode.c.objc</string>
			<key>path</key>
			<string>main.m</string>
			<key>sourceTree</key>
			<string>&lt;group&gt;</string>
		</dict>
		<key>21F99C59191AE562008D5B56</key>
		<dict>
			<key>fileRef</key>
			<string>21F99C58191AE562008D5B56</string>
			<key>isa</key>
			<string>PBXBuildFile</string>
		</dict>
		<key>21F99C5A191AE562008D5B56</key>
		<dict>
			<key>isa</key>
			<string>PBXFileReference</string>
			<key>lastKnownFileType</key>
			<string>sourcecode.c.h</string>
			<key>path</key>
			<string>BRAVO.iOS.Challenge.06CoreData-Prefix.pch</string>
			<key>sourceTree</key>
			<string>&lt;group&gt;</string>
		</dict>
		<key>21F99C5B191AE562008D5B56</key>
		<dict>
			<key>isa</key>
			<string>PBXFileReference</string>
			<key>lastKnownFileType</key>
			<string>sourcecode.c.h</string>
			<key>path</key>
			<string>NRDAppDelegate.h</string>
			<key>sourceTree</key>
			<string>&lt;group&gt;</string>
		</dict>
		<key>21F99C5C191AE562008D5B56</key>
		<dict>
			<key>isa</key>
			<string>PBXFileReference</string>
			<key>lastKnownFileType</key>
			<string>sourcecode.c.objc</string>
			<key>path</key>
			<string>NRDAppDelegate.m</string>
			<key>sourceTree</key>
			<string>&lt;group&gt;</string>
		</dict>
		<key>21F99C5D191AE562008D5B56</key>
		<dict>
			<key>fileRef</key>
			<string>21F99C5C191AE562008D5B56</string>
			<key>isa</key>
			<string>PBXBuildFile</string>
		</dict>
		<key>21F99C5E191AE562008D5B56</key>
		<dict>
			<key>children</key>
			<array>
				<string>21F99C5F191AE562008D5B56</string>
			</array>
			<key>currentVersion</key>
			<string>21F99C5F191AE562008D5B56</string>
			<key>isa</key>
			<string>XCVersionGroup</string>
			<key>path</key>
			<string>BRAVO_iOS_Challenge_06CoreData.xcdatamodeld</string>
			<key>sourceTree</key>
			<string>&lt;group&gt;</string>
			<key>versionGroupType</key>
			<string>wrapper.xcdatamodel</string>
		</dict>
		<key>21F99C5F191AE562008D5B56</key>
		<dict>
			<key>isa</key>
			<string>PBXFileReference</string>
			<key>lastKnownFileType</key>
			<string>wrapper.xcdatamodel</string>
			<key>path</key>
			<string>BRAVO_iOS_Challenge_06CoreData.xcdatamodel</string>
			<key>sourceTree</key>
			<string>&lt;group&gt;</string>
		</dict>
		<key>21F99C60191AE562008D5B56</key>
		<dict>
			<key>fileRef</key>
			<string>21F99C5E191AE562008D5B56</string>
			<key>isa</key>
			<string>PBXBuildFile</string>
		</dict>
		<key>21F99C61191AE562008D5B56</key>
		<dict>
			<key>isa</key>
			<string>PBXFileReference</string>
			<key>lastKnownFileType</key>
			<string>folder.assetcatalog</string>
			<key>path</key>
			<string>Images.xcassets</string>
			<key>sourceTree</key>
			<string>&lt;group&gt;</string>
		</dict>
		<key>21F99C62191AE562008D5B56</key>
		<dict>
			<key>fileRef</key>
			<string>21F99C61191AE562008D5B56</string>
			<key>isa</key>
			<string>PBXBuildFile</string>
		</dict>
		<key>21F99C63191AE562008D5B56</key>
		<dict>
			<key>buildActionMask</key>
			<string>2147483647</string>
			<key>files</key>
			<array>
				<string>21F99C76191AE562008D5B56</string>
			</array>
			<key>isa</key>
			<string>PBXSourcesBuildPhase</string>
			<key>runOnlyForDeploymentPostprocessing</key>
			<string>0</string>
		</dict>
		<key>21F99C64191AE562008D5B56</key>
		<dict>
			<key>buildActionMask</key>
			<string>2147483647</string>
			<key>files</key>
			<array>
				<string>21F99C69191AE562008D5B56</string>
				<string>21F99C6C191AE562008D5B56</string>
				<string>21F99C6B191AE562008D5B56</string>
				<string>21F99C6A191AE562008D5B56</string>
			</array>
			<key>isa</key>
			<string>PBXFrameworksBuildPhase</string>
			<key>runOnlyForDeploymentPostprocessing</key>
			<string>0</string>
		</dict>
		<key>21F99C65191AE562008D5B56</key>
		<dict>
			<key>buildActionMask</key>
			<string>2147483647</string>
			<key>files</key>
			<array>
				<string>21F99C74191AE562008D5B56</string>
			</array>
			<key>isa</key>
			<string>PBXResourcesBuildPhase</string>
			<key>runOnlyForDeploymentPostprocessing</key>
			<string>0</string>
		</dict>
		<key>21F99C66191AE562008D5B56</key>
		<dict>
			<key>buildConfigurationList</key>
			<string>21F99C7C191AE562008D5B56</string>
			<key>buildPhases</key>
			<array>
				<string>21F99C63191AE562008D5B56</string>
				<string>21F99C64191AE562008D5B56</string>
				<string>21F99C65191AE562008D5B56</string>
			</array>
			<key>buildRules</key>
			<array/>
			<key>dependencies</key>
			<array>
				<string>21F99C6E191AE562008D5B56</string>
			</array>
			<key>isa</key>
			<string>PBXNativeTarget</string>
			<key>name</key>
			<string>BRAVO.iOS.Challenge.06CoreDataTests</string>
			<key>productName</key>
			<string>BRAVO.iOS.Challenge.06CoreDataTests</string>
			<key>productReference</key>
			<string>21F99C67191AE562008D5B56</string>
			<key>productType</key>
			<string>com.apple.product-type.bundle.unit-test</string>
		</dict>
		<key>21F99C67191AE562008D5B56</key>
		<dict>
			<key>explicitFileType</key>
			<string>wrapper.cfbundle</string>
			<key>includeInIndex</key>
			<string>0</string>
			<key>isa</key>
			<string>PBXFileReference</string>
			<key>path</key>
			<string>BRAVO.iOS.Challenge.06CoreDataTests.xctest</string>
			<key>sourceTree</key>
			<string>BUILT_PRODUCTS_DIR</string>
		</dict>
		<key>21F99C68191AE562008D5B56</key>
		<dict>
			<key>isa</key>
			<string>PBXFileReference</string>
			<key>lastKnownFileType</key>
			<string>wrapper.framework</string>
			<key>name</key>
			<string>XCTest.framework</string>
			<key>path</key>
			<string>Library/Frameworks/XCTest.framework</string>
			<key>sourceTree</key>
			<string>DEVELOPER_DIR</string>
		</dict>
		<key>21F99C69191AE562008D5B56</key>
		<dict>
			<key>fileRef</key>
			<string>21F99C68191AE562008D5B56</string>
			<key>isa</key>
			<string>PBXBuildFile</string>
		</dict>
		<key>21F99C6A191AE562008D5B56</key>
		<dict>
			<key>fileRef</key>
			<string>21F99C4A191AE562008D5B56</string>
			<key>isa</key>
			<string>PBXBuildFile</string>
		</dict>
		<key>21F99C6B191AE562008D5B56</key>
		<dict>
			<key>fileRef</key>
			<string>21F99C4E191AE562008D5B56</string>
			<key>isa</key>
			<string>PBXBuildFile</string>
		</dict>
		<key>21F99C6C191AE562008D5B56</key>
		<dict>
			<key>fileRef</key>
			<string>21F99C50191AE562008D5B56</string>
			<key>isa</key>
			<string>PBXBuildFile</string>
		</dict>
		<key>21F99C6D191AE562008D5B56</key>
		<dict>
			<key>containerPortal</key>
			<string>21F99C3F191AE562008D5B56</string>
			<key>isa</key>
			<string>PBXContainerItemProxy</string>
			<key>proxyType</key>
			<string>1</string>
			<key>remoteGlobalIDString</key>
			<string>21F99C46191AE562008D5B56</string>
			<key>remoteInfo</key>
			<string>BRAVO.iOS.Challenge.06CoreData</string>
		</dict>
		<key>21F99C6E191AE562008D5B56</key>
		<dict>
			<key>isa</key>
			<string>PBXTargetDependency</string>
			<key>target</key>
			<string>21F99C46191AE562008D5B56</string>
			<key>targetProxy</key>
			<string>21F99C6D191AE562008D5B56</string>
		</dict>
		<key>21F99C6F191AE562008D5B56</key>
		<dict>
			<key>children</key>
			<array>
				<string>21F99C75191AE562008D5B56</string>
				<string>21F99C70191AE562008D5B56</string>
			</array>
			<key>isa</key>
			<string>PBXGroup</string>
			<key>path</key>
			<string>BRAVO.iOS.Challenge.06CoreDataTests</string>
			<key>sourceTree</key>
			<string>&lt;group&gt;</string>
		</dict>
		<key>21F99C70191AE562008D5B56</key>
		<dict>
			<key>children</key>
			<array>
				<string>21F99C71191AE562008D5B56</string>
				<string>21F99C72191AE562008D5B56</string>
			</array>
			<key>isa</key>
			<string>PBXGroup</string>
			<key>name</key>
			<string>Supporting Files</string>
			<key>sourceTree</key>
			<string>&lt;group&gt;</string>
		</dict>
		<key>21F99C71191AE562008D5B56</key>
		<dict>
			<key>isa</key>
			<string>PBXFileReference</string>
			<key>lastKnownFileType</key>
			<string>text.plist.xml</string>
			<key>path</key>
			<string>BRAVO.iOS.Challenge.06CoreDataTests-Info.plist</string>
			<key>sourceTree</key>
			<string>&lt;group&gt;</string>
		</dict>
		<key>21F99C72191AE562008D5B56</key>
		<dict>
			<key>children</key>
			<array>
				<string>21F99C73191AE562008D5B56</string>
			</array>
			<key>isa</key>
			<string>PBXVariantGroup</string>
			<key>name</key>
			<string>InfoPlist.strings</string>
			<key>sourceTree</key>
			<string>&lt;group&gt;</string>
		</dict>
		<key>21F99C73191AE562008D5B56</key>
		<dict>
			<key>isa</key>
			<string>PBXFileReference</string>
			<key>lastKnownFileType</key>
			<string>text.plist.strings</string>
			<key>name</key>
			<string>en</string>
			<key>path</key>
			<string>en.lproj/InfoPlist.strings</string>
			<key>sourceTree</key>
			<string>&lt;group&gt;</string>
		</dict>
		<key>21F99C74191AE562008D5B56</key>
		<dict>
			<key>fileRef</key>
			<string>21F99C72191AE562008D5B56</string>
			<key>isa</key>
			<string>PBXBuildFile</string>
		</dict>
		<key>21F99C75191AE562008D5B56</key>
		<dict>
			<key>isa</key>
			<string>PBXFileReference</string>
			<key>lastKnownFileType</key>
			<string>sourcecode.c.objc</string>
			<key>path</key>
			<string>BRAVO_iOS_Challenge_06CoreDataTests.m</string>
			<key>sourceTree</key>
			<string>&lt;group&gt;</string>
		</dict>
		<key>21F99C76191AE562008D5B56</key>
		<dict>
			<key>fileRef</key>
			<string>21F99C75191AE562008D5B56</string>
			<key>isa</key>
			<string>PBXBuildFile</string>
		</dict>
		<key>21F99C77191AE562008D5B56</key>
		<dict>
			<key>buildSettings</key>
			<dict>
				<key>ALWAYS_SEARCH_USER_PATHS</key>
				<string>NO</string>
				<key>CLANG_CXX_LANGUAGE_STANDARD</key>
				<string>gnu++0x</string>
				<key>CLANG_CXX_LIBRARY</key>
				<string>libc++</string>
				<key>CLANG_ENABLE_MODULES</key>
				<string>YES</string>
				<key>CLANG_ENABLE_OBJC_ARC</key>
				<string>YES</string>
				<key>CLANG_WARN_BOOL_CONVERSION</key>
				<string>YES</string>
				<key>CLANG_WARN_CONSTANT_CONVERSION</key>
				<string>YES</string>
				<key>CLANG_WARN_DIRECT_OBJC_ISA_USAGE</key>
				<string>YES_ERROR</string>
				<key>CLANG_WARN_EMPTY_BODY</key>
				<string>YES</string>
				<key>CLANG_WARN_ENUM_CONVERSION</key>
				<string>YES</string>
				<key>CLANG_WARN_INT_CONVERSION</key>
				<string>YES</string>
				<key>CLANG_WARN_OBJC_ROOT_CLASS</key>
				<string>YES_ERROR</string>
				<key>CLANG_WARN__DUPLICATE_METHOD_MATCH</key>
				<string>YES</string>
				<key>CODE_SIGN_IDENTITY[sdk=iphoneos*]</key>
				<string>iPhone Developer</string>
				<key>COPY_PHASE_STRIP</key>
				<string>NO</string>
				<key>GCC_C_LANGUAGE_STANDARD</key>
				<string>gnu99</string>
				<key>GCC_DYNAMIC_NO_PIC</key>
				<string>NO</string>
				<key>GCC_OPTIMIZATION_LEVEL</key>
				<string>0</string>
				<key>GCC_PREPROCESSOR_DEFINITIONS</key>
				<array>
					<string>DEBUG=1</string>
					<string>$(inherited)</string>
				</array>
				<key>GCC_SYMBOLS_PRIVATE_EXTERN</key>
				<string>NO</string>
				<key>GCC_WARN_64_TO_32_BIT_CONVERSION</key>
				<string>YES</string>
				<key>GCC_WARN_ABOUT_MISSING_FIELD_INITIALIZERS</key>
				<string>YES</string>
				<key>GCC_WARN_ABOUT_MISSING_NEWLINE</key>
				<string>YES</string>
				<key>GCC_WARN_ABOUT_RETURN_TYPE</key>
				<string>YES</string>
				<key>GCC_WARN_CHECK_SWITCH_STATEMENTS</key>
				<string>YES</string>
				<key>GCC_WARN_INITIALIZER_NOT_FULLY_BRACKETED</key>
				<string>YES</string>
				<key>GCC_WARN_MISSING_PARENTHESES</key>
				<string>YES</string>
				<key>GCC_WARN_SHADOW</key>
				<string>YES</string>
				<key>GCC_WARN_SIGN_COMPARE</key>
				<string>YES</string>
				<key>GCC_WARN_TYPECHECK_CALLS_TO_PRINTF</key>
				<string>YES</string>
				<key>GCC_WARN_UNDECLARED_SELECTOR</key>
				<string>YES</string>
				<key>GCC_WARN_UNINITIALIZED_AUTOS</key>
				<string>YES_AGGRESSIVE</string>
				<key>GCC_WARN_UNUSED_FUNCTION</key>
				<string>YES</string>
				<key>GCC_WARN_UNUSED_LABEL</key>
				<string>YES</string>
				<key>GCC_WARN_UNUSED_VALUE</key>
				<string>YES</string>
				<key>GCC_WARN_UNUSED_VARIABLE</key>
				<string>YES</string>
				<key>IPHONEOS_DEPLOYMENT_TARGET</key>
				<string>7.1</string>
				<key>ONLY_ACTIVE_ARCH</key>
				<string>YES</string>
				<key>SDKROOT</key>
				<string>iphoneos</string>
			</dict>
			<key>isa</key>
			<string>XCBuildConfiguration</string>
			<key>name</key>
			<string>Debug</string>
		</dict>
		<key>21F99C78191AE562008D5B56</key>
		<dict>
			<key>buildSettings</key>
			<dict>
				<key>ALWAYS_SEARCH_USER_PATHS</key>
				<string>NO</string>
				<key>CLANG_CXX_LANGUAGE_STANDARD</key>
				<string>gnu++0x</string>
				<key>CLANG_CXX_LIBRARY</key>
				<string>libc++</string>
				<key>CLANG_ENABLE_MODULES</key>
				<string>YES</string>
				<key>CLANG_ENABLE_OBJC_ARC</key>
				<string>YES</string>
				<key>CLANG_WARN_BOOL_CONVERSION</key>
				<string>YES</string>
				<key>CLANG_WARN_CONSTANT_CONVERSION</key>
				<string>YES</string>
				<key>CLANG_WARN_DIRECT_OBJC_ISA_USAGE</key>
				<string>YES_ERROR</string>
				<key>CLANG_WARN_EMPTY_BODY</key>
				<string>YES</string>
				<key>CLANG_WARN_ENUM_CONVERSION</key>
				<string>YES</string>
				<key>CLANG_WARN_INT_CONVERSION</key>
				<string>YES</string>
				<key>CLANG_WARN_OBJC_ROOT_CLASS</key>
				<string>YES_ERROR</string>
				<key>CLANG_WARN__DUPLICATE_METHOD_MATCH</key>
				<string>YES</string>
				<key>CODE_SIGN_IDENTITY[sdk=iphoneos*]</key>
				<string>iPhone Developer</string>
				<key>COPY_PHASE_STRIP</key>
				<string>YES</string>
				<key>ENABLE_NS_ASSERTIONS</key>
				<string>NO</string>
				<key>GCC_C_LANGUAGE_STANDARD</key>
				<string>gnu99</string>
				<key>GCC_WARN_64_TO_32_BIT_CONVERSION</key>
				<string>YES</string>
				<key>GCC_WARN_ABOUT_MISSING_FIELD_INITIALIZERS</key>
				<string>YES</string>
				<key>GCC_WARN_ABOUT_MISSING_NEWLINE</key>
				<string>YES</string>
				<key>GCC_WARN_ABOUT_RETURN_TYPE</key>
				<string>YES</string>
				<key>GCC_WARN_CHECK_SWITCH_STATEMENTS</key>
				<string>YES</string>
				<key>GCC_WARN_INITIALIZER_NOT_FULLY_BRACKETED</key>
				<string>YES</string>
				<key>GCC_WARN_MISSING_PARENTHESES</key>
				<string>YES</string>
				<key>GCC_WARN_SHADOW</key>
				<string>YES</string>
				<key>GCC_WARN_SIGN_COMPARE</key>
				<string>YES</string>
				<key>GCC_WARN_TYPECHECK_CALLS_TO_PRINTF</key>
				<string>YES</string>
				<key>GCC_WARN_UNDECLARED_SELECTOR</key>
				<string>YES</string>
				<key>GCC_WARN_UNINITIALIZED_AUTOS</key>
				<string>YES_AGGRESSIVE</string>
				<key>GCC_WARN_UNUSED_FUNCTION</key>
				<string>YES</string>
				<key>GCC_WARN_UNUSED_LABEL</key>
				<string>YES</string>
				<key>GCC_WARN_UNUSED_VALUE</key>
				<string>YES</string>
				<key>GCC_WARN_UNUSED_VARIABLE</key>
				<string>YES</string>
				<key>IPHONEOS_DEPLOYMENT_TARGET</key>
				<string>7.1</string>
				<key>SDKROOT</key>
				<string>iphoneos</string>
				<key>VALIDATE_PRODUCT</key>
				<string>YES</string>
			</dict>
			<key>isa</key>
			<string>XCBuildConfiguration</string>
			<key>name</key>
			<string>Release</string>
		</dict>
		<key>21F99C79191AE562008D5B56</key>
		<dict>
			<key>buildConfigurations</key>
			<array>
				<string>21F99C7A191AE562008D5B56</string>
				<string>21F99C7B191AE562008D5B56</string>
			</array>
			<key>defaultConfigurationIsVisible</key>
			<string>0</string>
			<key>isa</key>
			<string>XCConfigurationList</string>
		</dict>
		<key>21F99C7A191AE562008D5B56</key>
		<dict>
			<key>buildSettings</key>
			<dict>
				<key>ASSETCATALOG_COMPILER_APPICON_NAME</key>
				<string>AppIcon</string>
				<key>ASSETCATALOG_COMPILER_LAUNCHIMAGE_NAME</key>
				<string>LaunchImage</string>
				<key>GCC_PRECOMPILE_PREFIX_HEADER</key>
				<string>YES</string>
				<key>GCC_PREFIX_HEADER</key>
				<string>BRAVO.iOS.Challenge.06CoreData/BRAVO.iOS.Challenge.06CoreData-Prefix.pch</string>
				<key>INFOPLIST_FILE</key>
				<string>BRAVO.iOS.Challenge.06CoreData/BRAVO.iOS.Challenge.06CoreData-Info.plist</string>
				<key>PRODUCT_NAME</key>
				<string>$(TARGET_NAME)</string>
				<key>WRAPPER_EXTENSION</key>
				<string>app</string>
			</dict>
			<key>isa</key>
			<string>XCBuildConfiguration</string>
			<key>name</key>
			<string>Debug</string>
		</dict>
		<key>21F99C7B191AE562008D5B56</key>
		<dict>
			<key>buildSettings</key>
			<dict>
				<key>ASSETCATALOG_COMPILER_APPICON_NAME</key>
				<string>AppIcon</string>
				<key>ASSETCATALOG_COMPILER_LAUNCHIMAGE_NAME</key>
				<string>LaunchImage</string>
				<key>GCC_PRECOMPILE_PREFIX_HEADER</key>
				<string>YES</string>
				<key>GCC_PREFIX_HEADER</key>
				<string>BRAVO.iOS.Challenge.06CoreData/BRAVO.iOS.Challenge.06CoreData-Prefix.pch</string>
				<key>INFOPLIST_FILE</key>
				<string>BRAVO.iOS.Challenge.06CoreData/BRAVO.iOS.Challenge.06CoreData-Info.plist</string>
				<key>PRODUCT_NAME</key>
				<string>$(TARGET_NAME)</string>
				<key>WRAPPER_EXTENSION</key>
				<string>app</string>
			</dict>
			<key>isa</key>
			<string>XCBuildConfiguration</string>
			<key>name</key>
			<string>Release</string>
		</dict>
		<key>21F99C7C191AE562008D5B56</key>
		<dict>
			<key>buildConfigurations</key>
			<array>
				<string>21F99C7D191AE562008D5B56</string>
				<string>21F99C7E191AE562008D5B56</string>
			</array>
			<key>defaultConfigurationIsVisible</key>
			<string>0</string>
			<key>isa</key>
			<string>XCConfigurationList</string>
		</dict>
		<key>21F99C7D191AE562008D5B56</key>
		<dict>
			<key>buildSettings</key>
			<dict>
				<key>BUNDLE_LOADER</key>
				<string>$(BUILT_PRODUCTS_DIR)/BRAVO.iOS.Challenge.06CoreData.app/BRAVO.iOS.Challenge.06CoreData</string>
				<key>FRAMEWORK_SEARCH_PATHS</key>
				<array>
					<string>$(SDKROOT)/Developer/Library/Frameworks</string>
					<string>$(inherited)</string>
					<string>$(DEVELOPER_FRAMEWORKS_DIR)</string>
				</array>
				<key>GCC_PRECOMPILE_PREFIX_HEADER</key>
				<string>YES</string>
				<key>GCC_PREFIX_HEADER</key>
				<string>BRAVO.iOS.Challenge.06CoreData/BRAVO.iOS.Challenge.06CoreData-Prefix.pch</string>
				<key>GCC_PREPROCESSOR_DEFINITIONS</key>
				<array>
					<string>DEBUG=1</string>
					<string>$(inherited)</string>
				</array>
				<key>INFOPLIST_FILE</key>
				<string>BRAVO.iOS.Challenge.06CoreDataTests/BRAVO.iOS.Challenge.06CoreDataTests-Info.plist</string>
				<key>PRODUCT_NAME</key>
				<string>$(TARGET_NAME)</string>
				<key>TEST_HOST</key>
				<string>$(BUNDLE_LOADER)</string>
				<key>WRAPPER_EXTENSION</key>
				<string>xctest</string>
			</dict>
			<key>isa</key>
			<string>XCBuildConfiguration</string>
			<key>name</key>
			<string>Debug</string>
		</dict>
		<key>21F99C7E191AE562008D5B56</key>
		<dict>
			<key>buildSettings</key>
			<dict>
				<key>BUNDLE_LOADER</key>
				<string>$(BUILT_PRODUCTS_DIR)/BRAVO.iOS.Challenge.06CoreData.app/BRAVO.iOS.Challenge.06CoreData</string>
				<key>FRAMEWORK_SEARCH_PATHS</key>
				<array>
					<string>$(SDKROOT)/Developer/Library/Frameworks</string>
					<string>$(inherited)</string>
					<string>$(DEVELOPER_FRAMEWORKS_DIR)</string>
				</array>
				<key>GCC_PRECOMPILE_PREFIX_HEADER</key>
				<string>YES</string>
				<key>GCC_PREFIX_HEADER</key>
				<string>BRAVO.iOS.Challenge.06CoreData/BRAVO.iOS.Challenge.06CoreData-Prefix.pch</string>
				<key>INFOPLIST_FILE</key>
				<string>BRAVO.iOS.Challenge.06CoreDataTests/BRAVO.iOS.Challenge.06CoreDataTests-Info.plist</string>
				<key>PRODUCT_NAME</key>
				<string>$(TARGET_NAME)</string>
				<key>TEST_HOST</key>
				<string>$(BUNDLE_LOADER)</string>
				<key>WRAPPER_EXTENSION</key>
				<string>xctest</string>
			</dict>
			<key>isa</key>
			<string>XCBuildConfiguration</string>
			<key>name</key>
			<string>Release</string>
		</dict>
		<key>2A2FCAEB0B8C4FE99ED8032A</key>
		<dict>
			<key>children</key>
			<array/>
			<key>isa</key>
			<string>PBXGroup</string>
			<key>name</key>
			<string>Vendor</string>
			<key>path</key>
			<string>Vendor</string>
			<key>sourceTree</key>
			<string>&lt;group&gt;</string>
		</dict>
		<key>6B16C50E96C446B6B2C2F297</key>
		<dict>
			<key>children</key>
			<array/>
			<key>isa</key>
			<string>PBXGroup</string>
			<key>name</key>
			<string>Theme</string>
			<key>path</key>
			<string>Theme</string>
			<key>sourceTree</key>
			<string>&lt;group&gt;</string>
		</dict>
		<key>7B11FD69061E4202B0832691</key>
		<dict>
			<key>children</key>
			<array/>
			<key>isa</key>
			<string>PBXGroup</string>
			<key>name</key>
			<string>ViewControllers</string>
			<key>path</key>
			<string>ViewControllers</string>
			<key>sourceTree</key>
			<string>&lt;group&gt;</string>
		</dict>
		<key>7F464D5476B544BA8D5AB510</key>
		<dict>
			<key>children</key>
			<array/>
			<key>isa</key>
			<string>PBXGroup</string>
			<key>name</key>
			<string>ModelControllers</string>
			<key>path</key>
			<string>ModelControllers</string>
			<key>sourceTree</key>
			<string>&lt;group&gt;</string>
		</dict>
		<key>9DFD803C5D794CD5ADB63B22</key>
		<dict>
			<key>children</key>
			<array/>
			<key>isa</key>
			<string>PBXGroup</string>
			<key>name</key>
			<string>Data</string>
			<key>path</key>
			<string>Data</string>
			<key>sourceTree</key>
			<string>&lt;group&gt;</string>
		</dict>
		<key>AD0A33F0CB434FF18C9D1D4D</key>
		<dict>
			<key>children</key>
			<array>
				<string>E7CD4CAB587F44369C4A273B</string>
				<string>9DFD803C5D794CD5ADB63B22</string>
				<string>CD469B6D0128481A81FFCF2F</string>
				<string>19F4E1966C554AD29071ECAF</string>
			</array>
			<key>isa</key>
			<string>PBXGroup</string>
			<key>name</key>
			<string>Resources</string>
			<key>path</key>
			<string>Resources</string>
			<key>sourceTree</key>
			<string>&lt;group&gt;</string>
		</dict>
		<key>B4FFA736C0CB475AB887E08D</key>
		<dict>
			<key>children</key>
			<array/>
			<key>isa</key>
			<string>PBXGroup</string>
			<key>name</key>
			<string>Categories</string>
			<key>path</key>
			<string>Categories</string>
			<key>sourceTree</key>
			<string>&lt;group&gt;</string>
		</dict>
		<key>CCC6F427F43B4892A8375398</key>
		<dict>
			<key>buildActionMask</key>
			<string>2147483647</string>
			<key>files</key>
			<array/>
			<key>inputPaths</key>
			<array/>
			<key>isa</key>
			<string>PBXShellScriptBuildPhase</string>
			<key>name</key>
			<string>Warn for TODO and FIXME comments</string>
			<key>outputPaths</key>
			<array/>
			<key>runOnlyForDeploymentPostprocessing</key>
			<string>0</string>
			<key>shellPath</key>
			<string>/bin/sh</string>
			<key>shellScript</key>
			<string>KEYWORDS="TODO:|FIXME:|\?\?\?:|\!\!\!:"
FILE_EXTENSIONS="h|m|mm|c|cpp"
find -E "${SRCROOT}" -ipath "${SRCROOT}/pods" -prune -o \( -regex ".*\.($FILE_EXTENSIONS)$" \) -print0 | xargs -0 egrep --with-filename --line-number --only-matching "($KEYWORDS).*\$" | perl -p -e "s/($KEYWORDS)/ warning: \$1/"
</string>
			<key>showEnvVarsInLog</key>
			<string>1</string>
		</dict>
		<key>CD469B6D0128481A81FFCF2F</key>
		<dict>
			<key>children</key>
			<array/>
			<key>isa</key>
			<string>PBXGroup</string>
			<key>name</key>
			<string>Images</string>
			<key>path</key>
			<string>Images</string>
			<key>sourceTree</key>
			<string>&lt;group&gt;</string>
		</dict>
		<key>E7CD4CAB587F44369C4A273B</key>
		<dict>
			<key>children</key>
			<array/>
			<key>isa</key>
			<string>PBXGroup</string>
			<key>name</key>
			<string>Fonts</string>
			<key>path</key>
			<string>Fonts</string>
			<key>sourceTree</key>
			<string>&lt;group&gt;</string>
		</dict>
		<key>F23304942C7D4057B299EFD7</key>
		<dict>
			<key>children</key>
			<array/>
			<key>isa</key>
			<string>PBXGroup</string>
			<key>name</key>
			<string>Models</string>
			<key>path</key>
			<string>Models</string>
			<key>sourceTree</key>
			<string>&lt;group&gt;</string>
		</dict>
	</dict>
	<key>rootObject</key>
	<string>21F99C3F191AE562008D5B56</string>
</dict>
</plist>
